Predictive Analytics Event Sourcing Optimization Load Testing IoT
Containerization Automation Testing Content Delivery Network Don't be afraid to give up the good to go for the great. Neural Networks Database Indexing
Innovation distinguishes between a leader and a follower. Database Indexing Happiness is not something ready made. It comes from your own actions. API Gateway Microservices Work hard in silence, let your success be your noise. Monitoring I find that the harder I work, the more luck I seem to have. RabbitMQ Latency Optimization Predictive Analytics Multi-threading CI/CD Serverless Opportunities don't happen. You create them.
Microservices Neural Networks Machine Learning Simplicity is the ultimate sophistication. Version Control Cache Invalidation Docker Container Orchestration
